// !$*UTF8*$!
{
	archiveVersion = 1;
	classes = {
	};
	objectVersion = 50;
	objects = {

/* Begin PBXBuildFile section */
		355F48A92352196700724D96 /* AppDelegate.swift in Sources */ = {isa = PBXBuildFile; fileRef = 355F48A82352196700724D96 /* AppDelegate.swift */; };
		355F48AB2352196700724D96 /* ViewController.swift in Sources */ = {isa = PBXBuildFile; fileRef = 355F48AA2352196700724D96 /* ViewController.swift */; };
		355F48AE2352196700724D96 /* Main.storyboard in Resources */ = {isa = PBXBuildFile; fileRef = 355F48AC2352196700724D96 /* Main.storyboard */; };
		355F48B02352196A00724D96 /* Assets.xcassets in Resources */ = {isa = PBXBuildFile; fileRef = 355F48AF2352196A00724D96 /* Assets.xcassets */; };
		355F48B32352196A00724D96 /* LaunchScreen.storyboard in Resources */ = {isa = PBXBuildFile; fileRef = 355F48B12352196A00724D96 /* LaunchScreen.storyboard */; };
		355F48BE2352196A00724D96 /* JsonParseTests.swift in Sources */ = {isa = PBXBuildFile; fileRef = 355F48BD2352196A00724D96 /* JsonParseTests.swift */; };
		355F48C92352196A00724D96 /* JsonParseUITests.swift in Sources */ = {isa = PBXBuildFile; fileRef = 355F48C82352196A00724D96 /* JsonParseUITests.swift */; };
/* End PBXBuildFile section */

/* Begin PBXContainerItemProxy section */
		355F48BA2352196A00724D96 /* PBXContainerItemProxy */ = {
			isa = PBXContainerItemProxy;
			containerPortal = 355F489D2352196700724D96 /* Project object */;
			proxyType = 1;
			remoteGlobalIDString = 355F48A42352196700724D96;
			remoteInfo = JsonParse;
		};
		355F48C52352196A00724D96 /* PBXContainerItemProxy */ = {
			isa = PBXContainerItemProxy;
			containerPortal = 355F489D2352196700724D96 /* Project object */;
			proxyType = 1;
			remoteGlobalIDString = 355F48A42352196700724D96;
			remoteInfo = JsonParse;
		};
/* End PBXContainerItemProxy section */

/* Begin PBXFileReference section */
		355F48A52352196700724D96 /* JsonParse.app */ = {isa = PBXFileReference; explicitFileType = wrapper.application; includeInIndex = 0; path = JsonParse.app; sourceTree = BUILT_PRODUCTS_DIR; };
		355F48A82352196700724D96 /* AppDelegate.swift */ = {isa = PBXFileReference; lastKnownFileType = sourcecode.swift; path = AppDelegate.swift; sourceTree = "<group>"; };
		355F48AA2352196700724D96 /* ViewController.swift */ = {isa = PBXFileReference; lastKnownFileType = sourcecode.swift; path = ViewController.swift; sourceTree = "<group>"; };
		355F48AD2352196700724D96 /* Base */ = {isa = PBXFileReference; lastKnownFileType = file.storyboard; name = Base; path = Base.lproj/Main.storyboard; sourceTree = "<group>"; };
		355F48AF2352196A00724D96 /* Assets.xcassets */ = {isa = PBXFileReference; lastKnownFileType = folder.assetcatalog; path = Assets.xcassets; sourceTree = "<group>"; };
		355F48B22352196A00724D96 /* Base */ = {isa = PBXFileReference; lastKnownFileType = file.storyboard; name = Base; path = Base.lproj/LaunchScreen.storyboard; sourceTree = "<group>"; };
		355F48B42352196A00724D96 /* Info.plist */ = {isa = PBXFileReference; lastKnownFileType = text.plist.xml; path = Info.plist; sourceTree = "<group>"; };
		355F48B92352196A00724D96 /* JsonParseTests.xctest */ = {isa = PBXFileReference; explicitFileType = wrapper.cfbundle; includeInIndex = 0; path = JsonParseTests.xctest; sourceTree = BUILT_PRODUCTS_DIR; };
		355F48BD2352196A00724D96 /* JsonParseTests.swift */ = {isa = PBXFileReference; lastKnownFileType = sourcecode.swift; path = JsonParseTests.swift; sourceTree = "<group>"; };
		355F48BF2352196A00724D96 /* Info.plist */ = {isa = PBXFileReference; lastKnownFileType = text.plist.xml; path = Info.plist; sourceTree = "<group>"; };
		355F48C42352196A00724D96 /* JsonParseUITests.xctest */ = {isa = PBXFileReference; explicitFileType = wrapper.cfbundle; includeInIndex = 0; path = JsonParseUITests.xctest; sourceTree = BUILT_PRODUCTS_DIR; };
		355F48C82352196A00724D96 /* JsonParseUITests.swift */ = {isa = PBXFileReference; lastKnownFileType = sourcecode.swift; path = JsonParseUITests.swift; sourceTree = "<group>"; };
		355F48CA2352196A00724D96 /* Info.plist */ = {isa = PBXFileReference; lastKnownFileType = text.plist.xml; path = Info.plist; sourceTree = "<group>"; };
/* End PBXFileReference section */

/* Begin PBXFrameworksBuildPhase section */
		355F48A22352196700724D96 /* Frameworks */ = {
			isa = PBXFrameworksBuildPhase;
			buildActionMask = 2147483647;
			files = (
			);
			runOnlyForDeploymentPostprocessing = 0;
		};
		355F48B62352196A00724D96 /* Frameworks */ = {
			isa = PBXFrameworksBuildPhase;
			buildActionMask = 2147483647;
			files = (
			);
			runOnlyForDeploymentPostprocessing = 0;
		};
		355F48C12352196A00724D96 /* Frameworks */ = {
			isa = PBXFrameworksBuildPhase;
			buildActionMask = 2147483647;
			files = (
			);
			runOnlyForDeploymentPostprocessing = 0;
		};
/* End PBXFrameworksBuildPhase section */

/* Begin PBXGroup section */
		355F489C2352196700724D96 = {
			isa = PBXGroup;
			children = (
				355F48A72352196700724D96 /* JsonParse */,
				355F48BC2352196A00724D96 /* JsonParseTests */,
				355F48C72352196A00724D96 /* JsonParseUITests */,
				355F48A62352196700724D96 /* Products */,
			);
			sourceTree = "<group>";
		};
		355F48A62352196700724D96 /* Products */ = {
			isa = PBXGroup;
			children = (
				355F48A52352196700724D96 /* JsonParse.app */,
				355F48B92352196A00724D96 /* JsonParseTests.xctest */,
				355F48C42352196A00724D96 /* JsonParseUITests.xctest */,
			);
			name = Products;
			sourceTree = "<group>";
		};
		355F48A72352196700724D96 /* JsonParse */ = {
			isa = PBXGroup;
			children = (
				355F48A82352196700724D96 /* AppDelegate.swift */,
				355F48AA2352196700724D96 /* ViewController.swift */,
				355F48AC2352196700724D96 /* Main.storyboard */,
				355F48AF2352196A00724D96 /* Assets.xcassets */,
				355F48B12352196A00724D96 /* LaunchScreen.storyboard */,
				355F48B42352196A00724D96 /* Info.plist */,
			);
			path = JsonParse;
			sourceTree = "<group>";
		};
		355F48BC2352196A00724D96 /* JsonParseTests */ = {
			isa = PBXGroup;
			children = (
				355F48BD2352196A00724D96 /* JsonParseTests.swift */,
				355F48BF2352196A00724D96 /* Info.plist */,
			);
			path = JsonParseTests;
			sourceTree = "<group>";
		};
		355F48C72352196A00724D96 /* JsonParseUITests */ = {
			isa = PBXGroup;
			children = (
				355F48C82352196A00724D96 /* JsonParseUITests.swift */,
				355F48CA2352196A00724D96 /* Info.plist */,
			);
			path = JsonParseUITests;
			sourceTree = "<group>";
		};
/* End PBXGroup section */

/* Begin PBXNativeTarget section */
		355F48A42352196700724D96 /* JsonParse */ = {
			isa = PBXNativeTarget;
			buildConfigurationList = 355F48CD2352196A00724D96 /* Build configuration list for PBXNativeTarget "JsonParse" */;
			buildPhases = (
				355F48A12352196700724D96 /* Sources */,
				355F48A22352196700724D96 /* Frameworks */,
				355F48A32352196700724D96 /* Resources */,
			);
			buildRules = (
			);
			dependencies = (
			);
			name = JsonParse;
			productName = JsonParse;
			productReference = 355F48A52352196700724D96 /* JsonParse.app */;
			productType = "com.apple.product-type.application";
		};
		355F48B82352196A00724D96 /* JsonParseTests */ = {
			isa = PBXNativeTarget;
			buildConfigurationList = 355F48D02352196A00724D96 /* Build configuration list for PBXNativeTarget "JsonParseTests" */;
			buildPhases = (
				355F48B52352196A00724D96 /* Sources */,
				355F48B62352196A00724D96 /* Frameworks */,
				355F48B72352196A00724D96 /* Resources */,
			);
			buildRules = (
			);
			dependencies = (
				355F48BB2352196A00724D96 /* PBXTargetDependency */,
			);
			name = JsonParseTests;
			productName = JsonParseTests;
			productReference = 355F48B92352196A00724D96 /* JsonParseTests.xctest */;
			productType = "com.apple.product-type.bundle.unit-test";
		};
		355F48C32352196A00724D96 /* JsonParseUITests */ = {
			isa = PBXNativeTarget;
			buildConfigurationList = 355F48D32352196A00724D96 /* Build configuration list for PBXNativeTarget "JsonParseUITests" */;
			buildPhases = (
				355F48C02352196A00724D96 /* Sources */,
				355F48C12352196A00724D96 /* Frameworks */,
				355F48C22352196A00724D96 /* Resources */,
			);
			buildRules = (
			);
			dependencies = (
				355F48C62352196A00724D96 /* PBXTargetDependency */,
			);
			name = JsonParseUITests;
			productName = JsonParseUITests;
			productReference = 355F48C42352196A00724D96 /* JsonParseUITests.xctest */;
			productType = "com.apple.product-type.bundle.ui-testing";
		};
/* End PBXNativeTarget section */

/* Begin PBXProject section */
		355F489D2352196700724D96 /* Project object */ = {
			isa = PBXProject;
			attributes = {
				LastSwiftUpdateCheck = 1010;
				LastUpgradeCheck = 1010;
				ORGANIZATIONNAME = Gopabandhu;
				TargetAttributes = {
					355F48A42352196700724D96 = {
						CreatedOnToolsVersion = 10.1;
					};
					355F48B82352196A00724D96 = {
						CreatedOnToolsVersion = 10.1;
						TestTargetID = 355F48A42352196700724D96;
					};
					355F48C32352196A00724D96 = {
						CreatedOnToolsVersion = 10.1;
						TestTargetID = 355F48A42352196700724D96;
					};
				};
			};
			buildConfigurationList = 355F48A02352196700724D96 /* Build configuration list for PBXProject "JsonParse" */;
			compatibilityVersion = "Xcode 9.3";
			developmentRegion = en;
			hasScannedForEncodings = 0;
			knownRegions = (
				en,
				Base,
			);
			mainGroup = 355F489C2352196700724D96;
			productRefGroup = 355F48A62352196700724D96 /* Products */;
			projectDirPath = "";
			projectRoot = "";
			targets = (
				355F48A42352196700724D96 /* JsonParse */,
				355F48B82352196A00724D96 /* JsonParseTests */,
				355F48C32352196A00724D96 /* JsonParseUITests */,
			);
		};
/* End PBXProject section */

/* Begin PBXResourcesBuildPhase section */
		355F48A32352196700724D96 /* Resources */ = {
			isa = PBXResourcesBuildPhase;
			buildActionMask = 2147483647;
			files = (
				355F48B32352196A00724D96 /* LaunchScreen.storyboard in Resources */,
				355F48B02352196A00724D96 /* Assets.xcassets in Resources */,
				355F48AE2352196700724D96 /* Main.storyboard in Resources */,
			);
			runOnlyForDeploymentPostprocessing = 0;
		};
		355F48B72352196A00724D96 /* Resources */ = {
			isa = PBXResourcesBuildPhase;
			buildActionMask = 2147483647;
			files = (
			);
			runOnlyForDeploymentPostprocessing = 0;
		};
		355F48C22352196A00724D96 /* Resources */ = {
			isa = PBXResourcesBuildPhase;
			buildActionMask = 2147483647;
			files = (
			);
			runOnlyForDeploymentPostprocessing = 0;
		};
/* End PBXResourcesBuildPhase section */

/* Begin PBXSourcesBuildPhase section */
		355F48A12352196700724D96 /* Sources */ = {
			isa = PBXSourcesBuildPhase;
			buildActionMask = 2147483647;
			files = (
				355F48AB2352196700724D96 /* ViewController.swift in Sources */,
				355F48A92352196700724D96 /* AppDelegate.swift in Sources */,
			);
			runOnlyForDeploymentPostprocessing = 0;
		};
		355F48B52352196A00724D96 /* Sources */ = {
			isa = PBXSourcesBuildPhase;
			buildActionMask = 2147483647;
			files = (
				355F48BE2352196A00724D96 /* JsonParseTests.swift in Sources */,
			);
			runOnlyForDeploymentPostprocessing = 0;
		};
		355F48C02352196A00724D96 /* Sources */ = {
			isa = PBXSourcesBuildPhase;
			buildActionMask = 2147483647;
			files = (
				355F48C92352196A00724D96 /* JsonParseUITests.swift in Sources */,
			);
			runOnlyForDeploymentPostprocessing = 0;
		};
/* End PBXSourcesBuildPhase section */

/* Begin PBXTargetDependency section */
		355F48BB2352196A00724D96 /* PBXTargetDependency */ = {
			isa = PBXTargetDependency;
			target = 355F48A42352196700724D96 /* JsonParse */;
			targetProxy = 355F48BA2352196A00724D96 /* PBXContainerItemProxy */;
		};
		355F48C62352196A00724D96 /* PBXTargetDependency */ = {
			isa = PBXTargetDependency;
			target = 355F48A42352196700724D96 /* JsonParse */;
			targetProxy = 355F48C52352196A00724D96 /* PBXContainerItemProxy */;
		};
/* End PBXTargetDependency section */

/* Begin PBXVariantGroup section */
		355F48AC2352196700724D96 /* Main.storyboard */ = {
			isa = PBXVariantGroup;
			children = (
				355F48AD2352196700724D96 /* Base */,
			);
			name = Main.storyboard;
			sourceTree = "<group>";
		};
		355F48B12352196A00724D96 /* LaunchScreen.storyboard */ = {
			isa = PBXVariantGroup;
			children = (
				355F48B22352196A00724D96 /* Base */,
			);
			name = LaunchScreen.storyboard;
			sourceTree = "<group>";
		};
/* End PBXVariantGroup section */

/* Begin XCBuildConfiguration section */
		355F48CB2352196A00724D96 /* Debug */ = {
			isa = XCBuildConfiguration;
			buildSettings = {
				ALWAYS_SEARCH_USER_PATHS = NO;
				CLANG_ANALYZER_NONNULL = YES;
				CLANG_ANALYZER_NUMBER_OBJECT_CONVERSION = YES_AGGRESSIVE;
				CLANG_CXX_LANGUAGE_STANDARD = "gnu++14";
				CLANG_CXX_LIBRARY = "libc++";
				CLANG_ENABLE_MODULES = YES;
				CLANG_ENABLE_OBJC_ARC = YES;
				CLANG_ENABLE_OBJC_WEAK = YES;
				CLANG_WARN_BLOCK_CAPTURE_AUTORELEASING = YES;
				CLANG_WARN_BOOL_CONVERSION = YES;
				CLANG_WARN_COMMA = YES;
				CLANG_WARN_CONSTANT_CONVERSION = YES;
				CLANG_WARN_DEPRECATED_OBJC_IMPLEMENTATIONS = YES;
				CLANG_WARN_DIRECT_OBJC_ISA_USAGE = YES_ERROR;
				CLANG_WARN_DOCUMENTATION_COMMENTS = YES;
				CLANG_WARN_EMPTY_BODY = YES;
				CLANG_WARN_ENUM_CONVERSION = YES;
				CLANG_WARN_INFINITE_RECURSION = YES;
				CLANG_WARN_INT_CONVERSION = YES;
				CLANG_WARN_NON_LITERAL_NULL_CONVERSION = YES;
				CLANG_WARN_OBJC_IMPLICIT_RETAIN_SELF = YES;
				CLANG_WARN_OBJC_LITERAL_CONVERSION = YES;
				CLANG_WARN_OBJC_ROOT_CLASS = YES_ERROR;
				CLANG_WARN_RANGE_LOOP_ANALYSIS = YES;
				CLANG_WARN_STRICT_PROTOTYPES = YES;
				CLANG_WARN_SUSPICIOUS_MOVE = YES;
				CLANG_WARN_UNGUARDED_AVAILABILITY = YES_AGGRESSIVE;
				CLANG_WARN_UNREACHABLE_CODE = YES;
				CLANG_WARN__DUPLICATE_METHOD_MATCH = YES;
				CODE_SIGN_IDENTITY = "iPhone Developer";
				COPY_PHASE_STRIP = NO;
				DEBUG_INFORMATION_FORMAT = dwarf;
				ENABLE_STRICT_OBJC_MSGSEND = YES;
				ENABLE_TESTABILITY = YES;
				GCC_C_LANGUAGE_STANDARD = gnu11;
				GCC_DYNAMIC_NO_PIC = NO;
				GCC_NO_COMMON_BLOCKS = YES;
				GCC_OPTIMIZATION_LEVEL = 0;
				GCC_PREPROCESSOR_DEFINITIONS = (
					"DEBUG=1",
					"$(inherited)",
				);
				GCC_WARN_64_TO_32_BIT_CONVERSION = YES;
				GCC_WARN_ABOUT_RETURN_TYPE = YES_ERROR;
				GCC_WARN_UNDECLARED_SELECTOR = YES;
				GCC_WARN_UNINITIALIZED_AUTOS = YES_AGGRESSIVE;
				GCC_WARN_UNUSED_FUNCTION = YES;
				GCC_WARN_UNUSED_VARIABLE = YES;
				IPHONEOS_DEPLOYMENT_TARGET = 12.1;
				MTL_ENABLE_DEBUG_INFO = INCLUDE_SOURCE;
				MTL_FAST_MATH = YES;
				ONLY_ACTIVE_ARCH = YES;
				SDKROOT = iphoneos;
				SWIFT_ACTIVE_COMPILATION_CONDITIONS = DEBUG;
				SWIFT_OPTIMIZATION_LEVEL = "-Onone";
			};
			name = Debug;
		};
		355F48CC2352196A00724D96 /* Release */ = {
			isa = XCBuildConfiguration;
			buildSettings = {
				ALWAYS_SEARCH_USER_PATHS = NO;
				CLANG_ANALYZER_NONNULL = YES;
				CLANG_ANALYZER_NUMBER_OBJECT_CONVERSION = YES_AGGRESSIVE;
				CLANG_CXX_LANGUAGE_STANDARD = "gnu++14";
				CLANG_CXX_LIBRARY = "libc++";
				CLANG_ENABLE_MODULES = YES;
				CLANG_ENABLE_OBJC_ARC = YES;
				CLANG_ENABLE_OBJC_WEAK = YES;
				CLANG_WARN_BLOCK_CAPTURE_AUTORELEASING = YES;
				CLANG_WARN_BOOL_CONVERSION = YES;
				CLANG_WARN_COMMA = YES;
				CLANG_WARN_CONSTANT_CONVERSION = YES;
				CLANG_WARN_DEPRECATED_OBJC_IMPLEMENTATIONS = YES;
				CLANG_WARN_DIRECT_OBJC_ISA_USAGE = YES_ERROR;
				CLANG_WARN_DOCUMENTATION_COMMENTS = YES;
				CLANG_WARN_EMPTY_BODY = YES;
				CLANG_WARN_ENUM_CONVERSION = YES;
				CLANG_WARN_INFINITE_RECURSION = YES;
				CLANG_WARN_INT_CONVERSION = YES;
				CLANG_WARN_NON_LITERAL_NULL_CONVERSION = YES;
				CLANG_WARN_OBJC_IMPLICIT_RETAIN_SELF = YES;
				CLANG_WARN_OBJC_LITERAL_CONVERSION = YES;
				CLANG_WARN_OBJC_ROOT_CLASS = YES_ERROR;
				CLANG_WARN_RANGE_LOOP_ANALYSIS = YES;
				CLANG_WARN_STRICT_PROTOTYPES = YES;
				CLANG_WARN_SUSPICIOUS_MOVE = YES;
				CLANG_WARN_UNGUARDED_AVAILABILITY = YES_AGGRESSIVE;
				CLANG_WARN_UNREACHABLE_CODE = YES;
				CLANG_WARN__DUPLICATE_METHOD_MATCH = YES;
				CODE_SIGN_IDENTITY = "iPhone Developer";
				COPY_PHASE_STRIP = NO;
				DEBUG_INFORMATION_FORMAT = "dwarf-with-dsym";
				ENABLE_NS_ASSERTIONS = NO;
				ENABLE_STRICT_OBJC_MSGSEND = YES;
				GCC_C_LANGUAGE_STANDARD = gnu11;
				GCC_NO_COMMON_BLOCKS = YES;
				GCC_WARN_64_TO_32_BIT_CONVERSION = YES;
				GCC_WARN_ABOUT_RETURN_TYPE = YES_ERROR;
				GCC_WARN_UNDECLARED_SELECTOR = YES;
				GCC_WARN_UNINITIALIZED_AUTOS = YES_AGGRESSIVE;
				GCC_WARN_UNUSED_FUNCTION = YES;
				GCC_WARN_UNUSED_VARIABLE = YES;
				IPHONEOS_DEPLOYMENT_TARGET = 12.1;
				MTL_ENABLE_DEBUG_INFO = NO;
				MTL_FAST_MATH = YES;
				SDKROOT = iphoneos;
				SWIFT_COMPILATION_MODE = wholemodule;
				SWIFT_OPTIMIZATION_LEVEL = "-O";
				VALIDATE_PRODUCT = YES;
			};
			name = Release;
		};
		355F48CE2352196A00724D96 /* Debug */ = {
			isa = XCBuildConfiguration;
			buildSettings = {
				ASSETCATALOG_COMPILER_APPICON_NAME = AppIcon;
				CODE_SIGN_STYLE = Automatic;
				INFOPLIST_FILE = JsonParse/Info.plist;
				LD_RUNPATH_SEARCH_PATHS = (
					"$(inherited)",
					"@executable_path/Frameworks",
				);
				PRODUCT_BUNDLE_IDENTIFIER = gd.JsonParse;
				PRODUCT_NAME = "$(TARGET_NAME)";
				SWIFT_VERSION = 4.2;
				TARGETED_DEVICE_FAMILY = "1,2";
			};
			name = Debug;
		};
		355F48CF2352196A00724D96 /* Release */ = {
			isa = XCBuildConfiguration;
			buildSettings = {
				ASSETCATALOG_COMPILER_APPICON_NAME = AppIcon;
				CODE_SIGN_STYLE = Automatic;
				INFOPLIST_FILE = JsonParse/Info.plist;
				LD_RUNPATH_SEARCH_PATHS = (
					"$(inherited)",
					"@executable_path/Frameworks",
				);
				PRODUCT_BUNDLE_IDENTIFIER = gd.JsonParse;
				PRODUCT_NAME = "$(TARGET_NAME)";
				SWIFT_VERSION = 4.2;
				TARGETED_DEVICE_FAMILY = "1,2";
			};
			name = Release;
		};
		355F48D12352196A00724D96 /* Debug */ = {
			isa = XCBuildConfiguration;
			buildSettings = {
				ALWAYS_EMBED_SWIFT_STANDARD_LIBRARIES = YES;
				BUNDLE_LOADER = "$(TEST_HOST)";
				CODE_SIGN_STYLE = Automatic;
				INFOPLIST_FILE = JsonParseTests/Info.plist;
				LD_RUNPATH_SEARCH_PATHS = (
					"$(inherited)",
					"@executable_path/Frameworks",
					"@loader_path/Frameworks",
				);
				PRODUCT_BUNDLE_IDENTIFIER = gd.JsonParseTests;
				PRODUCT_NAME = "$(TARGET_NAME)";
				SWIFT_VERSION = 4.2;
				TARGETED_DEVICE_FAMILY = "1,2";
				TEST_HOST = "$(BUILT_PRODUCTS_DIR)/JsonParse.app/JsonParse";
			};
			name = Debug;
		};
		355F48D22352196A00724D96 /* Release */ = {
			isa = XCBuildConfiguration;
			buildSettings = {
				ALWAYS_EMBED_SWIFT_STANDARD_LIBRARIES = YES;
				BUNDLE_LOADER = "$(TEST_HOST)";
				CODE_SIGN_STYLE = Automatic;
				INFOPLIST_FILE = JsonParseTests/Info.plist;
				LD_RUNPATH_SEARCH_PATHS = (
					"$(inherited)",
					"@executable_path/Frameworks",
					"@loader_path/Frameworks",
				);
				PRODUCT_BUNDLE_IDENTIFIER = gd.JsonParseTests;
				PRODUCT_NAME = "$(TARGET_NAME)";
				SWIFT_VERSION = 4.2;
				TARGETED_DEVICE_FAMILY = "1,2";
				TEST_HOST = "$(BUILT_PRODUCTS_DIR)/JsonParse.app/JsonParse";
			};
			name = Release;
		};
		355F48D42352196A00724D96 /* Debug */ = {
			isa = XCBuildConfiguration;
			buildSettings = {
				ALWAYS_EMBED_SWIFT_STANDARD_LIBRARIES = YES;
				CODE_SIGN_STYLE = Automatic;
				INFOPLIST_FILE = JsonParseUITests/Info.plist;
				LD_RUNPATH_SEARCH_PATHS = (
					"$(inherited)",
					"@executable_path/Frameworks",
					"@loader_path/Frameworks",
				);
				PRODUCT_BUNDLE_IDENTIFIER = gd.JsonParseUITests;
				PRODUCT_NAME = "$(TARGET_NAME)";
				SWIFT_VERSION = 4.2;
				TARGETED_DEVICE_FAMILY = "1,2";
				TEST_TARGET_NAME = JsonParse;
			};
			name = Debug;
		};
		355F48D52352196A00724D96 /* Release */ = {
			isa = XCBuildConfiguration;
			buildSettings = {
				ALWAYS_EMBED_SWIFT_STANDARD_LIBRARIES = YES;
				CODE_SIGN_STYLE = Automatic;
				INFOPLIST_FILE = JsonParseUITests/Info.plist;
				LD_RUNPATH_SEARCH_PATHS = (
					"$(inherited)",
					"@executable_path/Frameworks",
					"@loader_path/Frameworks",
				);
				PRODUCT_BUNDLE_IDENTIFIER = gd.JsonParseUITests;
				PRODUCT_NAME = "$(TARGET_NAME)";
				SWIFT_VERSION = 4.2;
				TARGETED_DEVICE_FAMILY = "1,2";
				TEST_TARGET_NAME = JsonParse;
			};
			name = Release;
		};
/* End XCBuildConfiguration section */

/* Begin XCConfigurationList section */
		355F48A02352196700724D96 /* Build configuration list for PBXProject "JsonParse" */ = {
			isa = XCConfigurationList;
			buildConfigurations = (
				355F48CB2352196A00724D96 /* Debug */,
				355F48CC2352196A00724D96 /* Release */,
			);
			defaultConfigurationIsVisible = 0;
			defaultConfigurationName = Release;
		};
		355F48CD2352196A00724D96 /* Build configuration list for PBXNativeTarget "JsonParse" */ = {
			isa = XCConfigurationList;
			buildConfigurations = (
				355F48CE2352196A00724D96 /* Debug */,
				355F48CF2352196A00724D96 /* Release */,
			);
			defaultConfigurationIsVisible = 0;
			defaultConfigurationName = Release;
		};
		355F48D02352196A00724D96 /* Build configuration list for PBXNativeTarget "JsonParseTests" */ = {
			isa = XCConfigurationList;
			buildConfigurations = (
				355F48D12352196A00724D96 /* Debug */,
				355F48D22352196A00724D96 /* Release */,
			);
			defaultConfigurationIsVisible = 0;
			defaultConfigurationName = Release;
		};
		355F48D32352196A00724D96 /* Build configuration list for PBXNativeTarget "JsonParseUITests" */ = {
			isa = XCConfigurationList;
			buildConfigurations = (
				355F48D42352196A00724D96 /* Debug */,
				355F48D52352196A00724D96 /* Release */,
			);
			defaultConfigurationIsVisible = 0;
			defaultConfigurationName = Release;
		};
/* End XCConfigurationList section */
	};
	rootObject = 355F489D2352196700724D96 /* Project object */;
}
